PODS:
  - Capacitor (5.0.3):
    - CapacitorCordova
  - CapacitorBrowser (5.0.2):
    - Capacitor
  - CapacitorCordova (5.0.3)
  - CapacitorPushNotifications (5.0.2):
    - Capacitor

DEPENDENCIES:
  - "Capacitor (from `../../node_modules/@capacitor/ios`)"
  - "CapacitorBrowser (from `../../node_modules/@capacitor/browser`)"
  - "CapacitorCordova (from `../../node_modules/@capacitor/ios`)"
  - "CapacitorPushNotifications (from `../../node_modules/@capacitor/push-notifications`)"

EXTERNAL SOURCES:
  Capacitor:
    :path: "../../node_modules/@capacitor/ios"
  CapacitorBrowser:
    :path: "../../node_modules/@capacitor/browser"
  CapacitorCordova:
    :path: "../../node_modules/@capacitor/ios"
  CapacitorPushNotifications:
    :path: "../../node_modules/@capacitor/push-notifications"

SPEC CHECKSUMS:
  Capacitor: 304a960e431f9e6f78556554ca71c41c1b2b9680
  CapacitorBrowser: 7986ee35377383fc40f7c1a0a793e0d9a49fe527
  CapacitorCordova: def732a63679698df6fb392bbe6d269a0b61e937
  CapacitorPushNotifications: 0566429afa72fe083a4142a58321f0ad83837096

PODFILE CHECKSUM: 7a387ac83b018ee38f4720dd1bfbc5f5af958311

COCOAPODS: 1.12.1
